{
  "name": "2024-05-29-interactive-turing-patterns-in-webgpu",
  "version": "1.0.0",
  "lockfileVersion": 3,
  "requires": true,
  "packages": {
    "": {
      "name": "2024-05-29-interactive-turing-patterns-in-webgpu",
      "version": "1.0.0",
      "license": "ISC",
      "dependencies": {
        "typescript": "^5.4.5"
      },
      "devDependencies": {
        "@webgpu/types": "^0.1.40"
      }
    },
    "node_modules/@webgpu/types": {
      "version": "0.1.40",
      "resolved": "https://registry.npmjs.org/@webgpu/types/-/types-0.1.40.tgz",
      "integrity": "sha512-/BBkHLS6/eQjyWhY2H7Dx5DHcVrS2ICj9owvSRdgtQT6KcafLZA86tPze0xAOsd4FbsYKCUBUQyNi87q7gV7kw==",
      "dev": true
    },
    "node_modules/typescript": {
      "version": "5.4.5",
      "resolved": "https://registry.npmjs.org/typescript/-/typescript-5.4.5.tgz",
      "integrity": "sha512-vcI4UpRgg81oIRUFwR0WSIHKt11nJ7SAVlYNIu+QpqeyXP+gpQJy/Z4+F0aGxSE4MqwjyXvW/TzgkLAx2AGHwQ==",
      "bin": {
        "tsc": "bin/tsc",
        "tsserver": "bin/tsserver"
      },
      "engines": {
        "node": ">=14.17"
      }
    }
  }
}
